
Microsoft Visual Studio Solution File, Format Version 12.00
# Visual Studio Version 17
VisualStudioVersion = 17.5.33502.453
MinimumVisualStudioVersion = 10.0.40219.1
Project("{FAE04EC0-301F-11D3-BF4B-00C04F79EFBC}") = "Counter", "Counter\Counter.csproj", "{D708C9DC-7A81-4B40-A28C-CC6B310358CC}"
EndProject
Global
	GlobalSection(SolutionConfigurationPlatforms) = preSolution
		Debug|Any CPU = Debug|Any CPU
		Release|Any CPU = Release|Any CPU
	EndGlobalSection
	GlobalSection(ProjectConfigurationPlatforms) = postSolution
		{D708C9DC-7A81-4B40-A28C-CC6B310358CC}.Debug|Any CPU.ActiveCfg = Debug|Any CPU
		{D708C9DC-7A81-4B40-A28C-CC6B310358CC}.Debug|Any CPU.Build.0 = Debug|Any CPU
		{D708C9DC-7A81-4B40-A28C-CC6B310358CC}.Release|Any CPU.ActiveCfg = Release|Any CPU
		{D708C9DC-7A81-4B40-A28C-CC6B310358CC}.Release|Any CPU.Build.0 = Release|Any CPU
	EndGlobalSection
	GlobalSection(SolutionProperties) = preSolution
		HideSolutionNode = FALSE
	EndGlobalSection
	GlobalSection(ExtensibilityGlobals) = postSolution
		SolutionGuid = {1BBF8DF6-966C-407B-AE34-B0426C59356D}
	EndGlobalSection
EndGlobal
